
Microsoft Visual Studio Solution File, Format Version 12.00
# Visual Studio Version 16
VisualStudioVersion = 16.0.29306.81
MinimumVisualStudioVersion = 10.0.40219.1
Project("{FAE04EC0-301F-11D3-BF4B-00C04F79EFBC}") = "RunningAverage", "RunningAverage\RunningAverage.csproj", "{EB3661CB-FC4C-4818-9815-F578E553463A}"
EndProject
Global
	GlobalSection(SolutionConfigurationPlatforms) = preSolution
		Debug|Any CPU = Debug|Any CPU
		Release|Any CPU = Release|Any CPU
	EndGlobalSection
	GlobalSection(ProjectConfigurationPlatforms) = postSolution
		{EB3661CB-FC4C-4818-9815-F578E553463A}.Debug|Any CPU.ActiveCfg = Debug|Any CPU
		{EB3661CB-FC4C-4818-9815-F578E553463A}.Debug|Any CPU.Build.0 = Debug|Any CPU
		{EB3661CB-FC4C-4818-9815-F578E553463A}.Release|Any CPU.ActiveCfg = Release|Any CPU
		{EB3661CB-FC4C-4818-9815-F578E553463A}.Release|Any CPU.Build.0 = Release|Any CPU
	EndGlobalSection
	GlobalSection(SolutionProperties) = preSolution
		HideSolutionNode = FALSE
	EndGlobalSection
	GlobalSection(ExtensibilityGlobals) = postSolution
		SolutionGuid = {0C63626A-C395-496F-9C8F-C675F8A1F4E3}
	EndGlobalSection
EndGlobal
